
Microsoft Visual Studio Solution File, Format Version 12.00
# Visual Studio Version 17
VisualStudioVersion = 17.7.34003.232
MinimumVisualStudioVersion = 10.0.40219.1
Project("{2150E333-8FDC-42A3-9474-1A3956D46DE8}") = "BuildingBlocks", "BuildingBlocks", "{FE73E36A-D999-4854-9F49-87D628C56E8B}"
EndProject
Project("{2150E333-8FDC-42A3-9474-1A3956D46DE8}") = "Services", "Services", "{791C3B13-A081-4A75-A57D-7FB038BB532E}"
EndProject
Project("{2150E333-8FDC-42A3-9474-1A3956D46DE8}") = "Web", "Web", "{7FE547FB-9863-4D0C-BA76-A0B577E6E5BE}"
EndProject
Project("{2150E333-8FDC-42A3-9474-1A3956D46DE8}") = "Fila", "Fila", "{AA824B33-A9E7-43FE-AEAA-15065FBE4F1D}"
EndProject
Project("{9A19103F-16F7-4668-BE54-9A1E7A4F7556}") = "NarniaSystem.ProjetoFila.Domain", "src\Services\Fila\NarniaSystem.ProjetoFila.Fila.Domain\NarniaSystem.ProjetoFila.Domain.csproj", "{F6CEDD66-BC40-49B5-A0B7-8BD625304454}"
EndProject
Project("{9A19103F-16F7-4668-BE54-9A1E7A4F7556}") = "NarniaSystem.ProjetoFila.Application", "src\Services\Fila\NarniaSystem.ProjetoFila.Application\NarniaSystem.ProjetoFila.Application.csproj", "{A7CBBF36-4BDD-49FB-8DEB-735A592ACE1B}"
EndProject
Project("{9A19103F-16F7-4668-BE54-9A1E7A4F7556}") = "NarniaSystem.ProjetoFila.Api", "src\Services\Fila\NarniaSystem.ProjetoFila.Api\NarniaSystem.ProjetoFila.Api.csproj", "{119AF60C-09F8-4E7B-8DE1-AEBFC3A7358B}"
EndProject
Project("{2150E333-8FDC-42A3-9474-1A3956D46DE8}") = "Solution Items", "Solution Items", "{D4B19DEC-BA51-4036-A717-FBF4F0051AA5}"
	ProjectSection(SolutionItems) = preProject
		.editorconfig = .editorconfig
	EndProjectSection
EndProject
Project("{9A19103F-16F7-4668-BE54-9A1E7A4F7556}") = "NarniaSystem.ProjetoFila.Infrastructure.Ioc", "src\Services\Fila\NarniaSystem.ProjetoFila.Infrastructure.Ioc\NarniaSystem.ProjetoFila.Infrastructure.Ioc.csproj", "{8B611A1F-760D-4088-A1DD-01B82A14A6E6}"
EndProject
Project("{FAE04EC0-301F-11D3-BF4B-00C04F79EFBC}") = "NarniaSystem.ProjetoFila.Core", "src\BuildingBlocks\NarniaSystem.ProjetoFila.Core\NarniaSystem.ProjetoFila.Core.csproj", "{CFD9C035-3B61-47BF-8813-A16D671360E3}"
EndProject
Project("{FAE04EC0-301F-11D3-BF4B-00C04F79EFBC}") = "NarniaSystem.ProjetoFila.Infrastructure", "src\Services\Fila\NarniaSystem.ProjetoFila.Infrastructure\NarniaSystem.ProjetoFila.Infrastructure.csproj", "{965E7C5E-05E9-406C-85D2-127AA7399CFF}"
EndProject
Global
	GlobalSection(SolutionConfigurationPlatforms) = preSolution
		Debug|Any CPU = Debug|Any CPU
		Release|Any CPU = Release|Any CPU
	EndGlobalSection
	GlobalSection(ProjectConfigurationPlatforms) = postSolution
		{F6CEDD66-BC40-49B5-A0B7-8BD625304454}.Debug|Any CPU.ActiveCfg = Debug|Any CPU
		{F6CEDD66-BC40-49B5-A0B7-8BD625304454}.Debug|Any CPU.Build.0 = Debug|Any CPU
		{F6CEDD66-BC40-49B5-A0B7-8BD625304454}.Release|Any CPU.ActiveCfg = Release|Any CPU
		{F6CEDD66-BC40-49B5-A0B7-8BD625304454}.Release|Any CPU.Build.0 = Release|Any CPU
		{A7CBBF36-4BDD-49FB-8DEB-735A592ACE1B}.Debug|Any CPU.ActiveCfg = Debug|Any CPU
		{A7CBBF36-4BDD-49FB-8DEB-735A592ACE1B}.Debug|Any CPU.Build.0 = Debug|Any CPU
		{A7CBBF36-4BDD-49FB-8DEB-735A592ACE1B}.Release|Any CPU.ActiveCfg = Release|Any CPU
		{A7CBBF36-4BDD-49FB-8DEB-735A592ACE1B}.Release|Any CPU.Build.0 = Release|Any CPU
		{119AF60C-09F8-4E7B-8DE1-AEBFC3A7358B}.Debug|Any CPU.ActiveCfg = Debug|Any CPU
		{119AF60C-09F8-4E7B-8DE1-AEBFC3A7358B}.Debug|Any CPU.Build.0 = Debug|Any CPU
		{119AF60C-09F8-4E7B-8DE1-AEBFC3A7358B}.Release|Any CPU.ActiveCfg = Release|Any CPU
		{119AF60C-09F8-4E7B-8DE1-AEBFC3A7358B}.Release|Any CPU.Build.0 = Release|Any CPU
		{8B611A1F-760D-4088-A1DD-01B82A14A6E6}.Debug|Any CPU.ActiveCfg = Debug|Any CPU
		{8B611A1F-760D-4088-A1DD-01B82A14A6E6}.Debug|Any CPU.Build.0 = Debug|Any CPU
		{8B611A1F-760D-4088-A1DD-01B82A14A6E6}.Release|Any CPU.ActiveCfg = Release|Any CPU
		{8B611A1F-760D-4088-A1DD-01B82A14A6E6}.Release|Any CPU.Build.0 = Release|Any CPU
		{CFD9C035-3B61-47BF-8813-A16D671360E3}.Debug|Any CPU.ActiveCfg = Debug|Any CPU
		{CFD9C035-3B61-47BF-8813-A16D671360E3}.Debug|Any CPU.Build.0 = Debug|Any CPU
		{CFD9C035-3B61-47BF-8813-A16D671360E3}.Release|Any CPU.ActiveCfg = Release|Any CPU
		{CFD9C035-3B61-47BF-8813-A16D671360E3}.Release|Any CPU.Build.0 = Release|Any CPU
		{965E7C5E-05E9-406C-85D2-127AA7399CFF}.Debug|Any CPU.ActiveCfg = Debug|Any CPU
		{965E7C5E-05E9-406C-85D2-127AA7399CFF}.Debug|Any CPU.Build.0 = Debug|Any CPU
		{965E7C5E-05E9-406C-85D2-127AA7399CFF}.Release|Any CPU.ActiveCfg = Release|Any CPU
		{965E7C5E-05E9-406C-85D2-127AA7399CFF}.Release|Any CPU.Build.0 = Release|Any CPU
	EndGlobalSection
	GlobalSection(SolutionProperties) = preSolution
		HideSolutionNode = FALSE
	EndGlobalSection
	GlobalSection(NestedProjects) = preSolution
		{AA824B33-A9E7-43FE-AEAA-15065FBE4F1D} = {791C3B13-A081-4A75-A57D-7FB038BB532E}
		{F6CEDD66-BC40-49B5-A0B7-8BD625304454} = {AA824B33-A9E7-43FE-AEAA-15065FBE4F1D}
		{A7CBBF36-4BDD-49FB-8DEB-735A592ACE1B} = {AA824B33-A9E7-43FE-AEAA-15065FBE4F1D}
		{119AF60C-09F8-4E7B-8DE1-AEBFC3A7358B} = {AA824B33-A9E7-43FE-AEAA-15065FBE4F1D}
		{8B611A1F-760D-4088-A1DD-01B82A14A6E6} = {AA824B33-A9E7-43FE-AEAA-15065FBE4F1D}
		{CFD9C035-3B61-47BF-8813-A16D671360E3} = {FE73E36A-D999-4854-9F49-87D628C56E8B}
		{965E7C5E-05E9-406C-85D2-127AA7399CFF} = {AA824B33-A9E7-43FE-AEAA-15065FBE4F1D}
	EndGlobalSection
	GlobalSection(ExtensibilityGlobals) = postSolution
		SolutionGuid = {DD9A2DA9-CFD7-4B1F-9679-C3F3F1C657D2}
	EndGlobalSection
EndGlobal
